
Microsoft Visual Studio Solution File, Format Version 12.00
# Visual Studio Version 17
VisualStudioVersion = 17.11.35312.102
MinimumVisualStudioVersion = 10.0.40219.1
Project("{FAE04EC0-301F-11D3-BF4B-00C04F79EFBC}") = "practice13", "..\..\source\repos\practice13\practice13\practice13.csproj", "{3F1EE205-528B-45AB-83D8-86A85F1828C0}"
EndProject
Global
	GlobalSection(SolutionConfigurationPlatforms) = preSolution
		Debug|Any CPU = Debug|Any CPU
		Release|Any CPU = Release|Any CPU
	EndGlobalSection
	GlobalSection(ProjectConfigurationPlatforms) = postSolution
		{3F1EE205-528B-45AB-83D8-86A85F1828C0}.Debug|Any CPU.ActiveCfg = Debug|Any CPU
		{3F1EE205-528B-45AB-83D8-86A85F1828C0}.Debug|Any CPU.Build.0 = Debug|Any CPU
		{3F1EE205-528B-45AB-83D8-86A85F1828C0}.Release|Any CPU.ActiveCfg = Release|Any CPU
		{3F1EE205-528B-45AB-83D8-86A85F1828C0}.Release|Any CPU.Build.0 = Release|Any CPU
	EndGlobalSection
	GlobalSection(SolutionProperties) = preSolution
		HideSolutionNode = FALSE
	EndGlobalSection
	GlobalSection(ExtensibilityGlobals) = postSolution
		SolutionGuid = {B476BB9A-41B2-43FB-89D1-82F692DA6772}
	EndGlobalSection
EndGlobal
